
Microsoft Visual Studio Solution File, Format Version 12.00
# Visual Studio Version 17
VisualStudioVersion = 17.0.31903.59
MinimumVisualStudioVersion = 10.0.40219.1
Project("{FAE04EC0-301F-11D3-BF4B-00C04F79EFBC}") = "CodeGenerator", "CodeGenerator\CodeGenerator.csproj", "{B8390CF4-F22F-4198-8553-C7E5234B726D}"
EndProject
Project("{FAE04EC0-301F-11D3-BF4B-00C04F79EFBC}") = "CodeGeneratorTest", "CodeGeneratorTest\CodeGeneratorTest.csproj", "{E8C20459-1A16-4FAF-BDAD-2692D294E01A}"
EndProject
Project("{FAE04EC0-301F-11D3-BF4B-00C04F79EFBC}") = "RecieptJsonParser", "RecieptJsonParser\RecieptJsonParser.csproj", "{F6CE5059-B01D-49AF-B0D3-EF2393B45288}"
EndProject
Global
	GlobalSection(SolutionConfigurationPlatforms) = preSolution
		Debug|Any CPU = Debug|Any CPU
		Release|Any CPU = Release|Any CPU
	EndGlobalSection
	GlobalSection(ProjectConfigurationPlatforms) = postSolution
		{B8390CF4-F22F-4198-8553-C7E5234B726D}.Debug|Any CPU.ActiveCfg = Debug|Any CPU
		{B8390CF4-F22F-4198-8553-C7E5234B726D}.Debug|Any CPU.Build.0 = Debug|Any CPU
		{B8390CF4-F22F-4198-8553-C7E5234B726D}.Release|Any CPU.ActiveCfg = Release|Any CPU
		{B8390CF4-F22F-4198-8553-C7E5234B726D}.Release|Any CPU.Build.0 = Release|Any CPU
		{E8C20459-1A16-4FAF-BDAD-2692D294E01A}.Debug|Any CPU.ActiveCfg = Debug|Any CPU
		{E8C20459-1A16-4FAF-BDAD-2692D294E01A}.Debug|Any CPU.Build.0 = Debug|Any CPU
		{E8C20459-1A16-4FAF-BDAD-2692D294E01A}.Release|Any CPU.ActiveCfg = Release|Any CPU
		{E8C20459-1A16-4FAF-BDAD-2692D294E01A}.Release|Any CPU.Build.0 = Release|Any CPU
		{F6CE5059-B01D-49AF-B0D3-EF2393B45288}.Debug|Any CPU.ActiveCfg = Debug|Any CPU
		{F6CE5059-B01D-49AF-B0D3-EF2393B45288}.Debug|Any CPU.Build.0 = Debug|Any CPU
		{F6CE5059-B01D-49AF-B0D3-EF2393B45288}.Release|Any CPU.ActiveCfg = Release|Any CPU
		{F6CE5059-B01D-49AF-B0D3-EF2393B45288}.Release|Any CPU.Build.0 = Release|Any CPU
	EndGlobalSection
	GlobalSection(SolutionProperties) = preSolution
		HideSolutionNode = FALSE
	EndGlobalSection
EndGlobal
